# THIS IS AN AUTOGENERATED FILE. DO NOT EDIT THIS FILE DIRECTLY.
# yarn lockfile v1


"@babel/runtime@^7.20.6":
  "integrity" "sha512-xwII0//EObnq89Ji5AKYQaRYiW/nZ3llSv29d49IuxPhKbtJoLP+9QUUZ4nVragQVtaVGeZrpB+ZtG/Pdy/POw=="
  "resolved" "https://registry.npmjs.org/@babel/runtime/-/runtime-7.21.0.tgz"
  "version" "7.21.0"
  dependencies:
    "regenerator-runtime" "^0.13.11"

"@esbuild/win32-x64@0.17.18":
  "integrity" "sha512-qU25Ma1I3NqTSHJUOKi9sAH1/Mzuvlke0ioMJRthLXKm7JiSKVwFghlGbDLOO2sARECGhja4xYfRAZNPAkooYg=="
  "resolved" "https://registry.npmjs.org/@esbuild/win32-x64/-/win32-x64-0.17.18.tgz"
  "version" "0.17.18"

"@jridgewell/sourcemap-codec@^1.4.13":
  "integrity" "sha512-eF2rxCRulEKXHTRiDrDy6erMYWqNw4LPdQ8UQA4huuxaQsVeRPFl2oM8oDGxMFhJUWZf9McpLtJasDDZb/Bpeg=="
  "resolved" "https://registry.npmjs.org/@jridgewell/sourcemap-codec/-/sourcemap-codec-1.4.15.tgz"
  "version" "1.4.15"

"@rollup/plugin-alias@^5.0.0":
  "integrity" "sha512-l9hY5chSCjuFRPsnRm16twWBiSApl2uYFLsepQYwtBuAxNMQ/1dJqADld40P0Jkqm65GRTLy/AC6hnpVebtLsA=="
  "resolved" "https://registry.npmjs.org/@rollup/plugin-alias/-/plugin-alias-5.0.0.tgz"
  "version" "5.0.0"
  dependencies:
    "slash" "^4.0.0"

"@rollup/plugin-commonjs@^24.1.0":
  "integrity" "sha512-eSL45hjhCWI0jCCXcNtLVqM5N1JlBGvlFfY0m6oOYnLCJ6N0qEXoZql4sY2MOUArzhH4SA/qBpTxvvZp2Sc+DQ=="
  "resolved" "https://registry.npmjs.org/@rollup/plugin-commonjs/-/plugin-commonjs-24.1.0.tgz"
  "version" "24.1.0"
  dependencies:
    "@rollup/pluginutils" "^5.0.1"
    "commondir" "^1.0.1"
    "estree-walker" "^2.0.2"
    "glob" "^8.0.3"
    "is-reference" "1.2.1"
    "magic-string" "^0.27.0"

"@rollup/plugin-replace@^5.0.2":
  "integrity" "sha512-M9YXNekv/C/iHHK+cvORzfRYfPbq0RDD8r0G+bMiTXjNGKulPnCT9O3Ss46WfhI6ZOCgApOP7xAdmCQJ+U2LAA=="
  "resolved" "https://registry.npmjs.org/@rollup/plugin-replace/-/plugin-replace-5.0.2.tgz"
  "version" "5.0.2"
  dependencies:
    "@rollup/pluginutils" "^5.0.1"
    "magic-string" "^0.27.0"

"@rollup/pluginutils@^5.0.1":
  "integrity" "sha512-pTd9rIsP92h+B6wWwFbW8RkZv4hiR/xKsqre4SIuAOaOEQRxi0lqLke9k2/7WegC85GgUs9pjmOjCUi3In4vwA=="
  "resolved" "https://registry.npmjs.org/@rollup/pluginutils/-/pluginutils-5.0.2.tgz"
  "version" "5.0.2"
  dependencies:
    "@types/estree" "^1.0.0"
    "estree-walker" "^2.0.2"
    "picomatch" "^2.3.1"

"@types/estree@*", "@types/estree@^1.0.0":
  "integrity" "sha512-LG4opVs2ANWZ1TJoKc937iMmNstM/d0ae1vNbnBvBhqCSezgVUOzcLCqbI5elV8Vy6WKwKjaqR+zO9VKirBBCA=="
  "resolved" "https://registry.npmjs.org/@types/estree/-/estree-1.0.1.tgz"
  "version" "1.0.1"

"@types/node@^18.16.1", "@types/node@>= 14":
  "integrity" "sha512-DZxSZWXxFfOlx7k7Rv4LAyiMroaxa3Ly/7OOzZO8cBNho0YzAi4qlbrx8W27JGqG57IgR/6J7r+nOJWw6kcvZA=="
  "resolved" "https://registry.npmjs.org/@types/node/-/node-18.16.1.tgz"
  "version" "18.16.1"

"@types/storejs@^2.0.1":
  "integrity" "sha512-VF/KPGUEKxi7j3//HaPCKaKbMtKOnWYf+aLzZcBQrhQAcHevA4OA2HwFpeJ6S6JD7xpS06G3K7oZkyIfp9lfeQ=="
  "resolved" "https://registry.npmjs.org/@types/storejs/-/storejs-2.0.3.tgz"
  "version" "2.0.3"

"@types/webfontloader@^1.6.35":
  "integrity" "sha512-IJlrsiDWq6KghQ7tPlL5tcwSUyOxLDceT+AFUY7Ylj0Fcv3/h3QkANqQxZ0B5mEpEKxhTw76vDmvrruSMV9n9Q=="
  "resolved" "https://registry.npmjs.org/@types/webfontloader/-/webfontloader-1.6.35.tgz"
  "version" "1.6.35"

"argparse@^2.0.1":
  "integrity" "sha512-8+9WqebbFzpX9OR+Wa6O29asIogeRMzcGtAINdpMHHyAg10f05aSFVBbcEqGf/PXw1EjAZ+q2/bEBg3DvurK3Q=="
  "resolved" "https://registry.npmjs.org/argparse/-/argparse-2.0.1.tgz"
  "version" "2.0.1"

"balanced-match@^1.0.0":
  "integrity" "sha512-3oSeUO0TMV67hN1AmbXsK4yaqU7tjiHlbxRDZOpH0KW9+CeX4bRAaX0Anxt0tx2MrpRpWwQaPwIlISEJhYU5Pw=="
  "resolved" "https://registry.npmjs.org/balanced-match/-/balanced-match-1.0.2.tgz"
  "version" "1.0.2"

"brace-expansion@^2.0.1":
  "integrity" "sha512-XnAIvQ8eM+kC6aULx6wuQiwVsnzsi9d3WxzV3FpWTGA19F621kwdbsAcFKXgKUHZWsy+mY6iL1sHTxWEFCytDA=="
  "resolved" "https://registry.npmjs.org/brace-expansion/-/brace-expansion-2.0.1.tgz"
  "version" "2.0.1"
  dependencies:
    "balanced-match" "^1.0.0"

"commondir@^1.0.1":
  "integrity" "sha512-W9pAhw0ja1Edb5GVdIF1mjZw/ASI0AlShXM83UUGe2DVr5TdAPEA1OA8m/g8zWp9x6On7gqufY+FatDbC3MDQg=="
  "resolved" "https://registry.npmjs.org/commondir/-/commondir-1.0.1.tgz"
  "version" "1.0.1"

"cross-fetch@3.1.5":
  "integrity" "sha512-lvb1SBsI0Z7GDwmuid+mU3kWVBwTVUbe7S0H52yaaAdQOXq2YktTCZdlAcNKFzE6QtRz0snpw9bNiPeOIkkQvw=="
  "resolved" "https://registry.npmjs.org/cross-fetch/-/cross-fetch-3.1.5.tgz"
  "version" "3.1.5"
  dependencies:
    "node-fetch" "2.6.7"

"esbuild@^0.17.5":
  "integrity" "sha512-z1lix43jBs6UKjcZVKOw2xx69ffE2aG0PygLL5qJ9OS/gy0Ewd1gW/PUQIOIQGXBHWNywSc0floSKoMFF8aK2w=="
  "resolved" "https://registry.npmjs.org/esbuild/-/esbuild-0.17.18.tgz"
  "version" "0.17.18"
  optionalDependencies:
    "@esbuild/android-arm" "0.17.18"
    "@esbuild/android-arm64" "0.17.18"
    "@esbuild/android-x64" "0.17.18"
    "@esbuild/darwin-arm64" "0.17.18"
    "@esbuild/darwin-x64" "0.17.18"
    "@esbuild/freebsd-arm64" "0.17.18"
    "@esbuild/freebsd-x64" "0.17.18"
    "@esbuild/linux-arm" "0.17.18"
    "@esbuild/linux-arm64" "0.17.18"
    "@esbuild/linux-ia32" "0.17.18"
    "@esbuild/linux-loong64" "0.17.18"
    "@esbuild/linux-mips64el" "0.17.18"
    "@esbuild/linux-ppc64" "0.17.18"
    "@esbuild/linux-riscv64" "0.17.18"
    "@esbuild/linux-s390x" "0.17.18"
    "@esbuild/linux-x64" "0.17.18"
    "@esbuild/netbsd-x64" "0.17.18"
    "@esbuild/openbsd-x64" "0.17.18"
    "@esbuild/sunos-x64" "0.17.18"
    "@esbuild/win32-arm64" "0.17.18"
    "@esbuild/win32-ia32" "0.17.18"
    "@esbuild/win32-x64" "0.17.18"

"estree-walker@^2.0.2":
  "integrity" "sha512-Rfkk/Mp/DL7JVje3u18FxFujQlTNR2q6QfMSMB7AvCBx91NGj/ba3kCfza0f6dVDbw7YlRf/nDrn7pQrCCyQ/w=="
  "resolved" "https://registry.npmjs.org/estree-walker/-/estree-walker-2.0.2.tgz"
  "version" "2.0.2"

"eventemitter3@^3.1.2":
  "integrity" "sha512-tvtQIeLVHjDkJYnzf2dgVMxfuSGJeM/7UCG17TT4EumTfNtF+0nebF/4zWOIkCreAbtNqhGEboB6BWrwqNaw4Q=="
  "resolved" "https://registry.npmjs.org/eventemitter3/-/eventemitter3-3.1.2.tgz"
  "version" "3.1.2"

"eventemitter3@^5.0.0":
  "integrity" "sha512-riuVbElZZNXLeLEoprfNYoDSwTBRR44X3mnhdI1YcnENpWTCsTTVZ2zFuqQcpoyqPQIUXdiPEU0ECAq0KQRaHg=="
  "resolved" "https://registry.npmjs.org/eventemitter3/-/eventemitter3-5.0.0.tgz"
  "version" "5.0.0"

"fs.realpath@^1.0.0":
  "integrity" "sha512-OO0pH2lK6a0hZnAdau5ItzHPI6pUlvI7jMVnxUQRtw4owF2wk8lOSabtGDCTP4Ggrg2MbGnWO9X8K1t4+fGMDw=="
  "resolved" "https://registry.npmjs.org/fs.realpath/-/fs.realpath-1.0.0.tgz"
  "version" "1.0.0"

"glob@^8.0.3":
  "integrity" "sha512-r8hpEjiQEYlF2QU0df3dS+nxxSIreXQS1qRhMJM0Q5NDdR386C7jb7Hwwod8Fgiuex+k0GFjgft18yvxm5XoCQ=="
  "resolved" "https://registry.npmjs.org/glob/-/glob-8.1.0.tgz"
  "version" "8.1.0"
  dependencies:
    "fs.realpath" "^1.0.0"
    "inflight" "^1.0.4"
    "inherits" "2"
    "minimatch" "^5.0.1"
    "once" "^1.3.0"

"i18next-http-backend@^2.2.0":
  "integrity" "sha512-Z4sM7R6tzdLknSPER9GisEBxKPg5FkI07UrQniuroZmS15PHQrcCPLyuGKj8SS68tf+O2aEDYSUnmy1TZqZSbw=="
  "resolved" "https://registry.npmjs.org/i18next-http-backend/-/i18next-http-backend-2.2.0.tgz"
  "version" "2.2.0"
  dependencies:
    "cross-fetch" "3.1.5"

"i18next@^22.4.14":
  "integrity" "sha512-yYudtbFrrmWKLEhl6jvKUYyYunj4bTBCe2qIUYAxbXoPusY7YmdwPvOE6fx6UIfWvmlbCWDItr7wIs8KEBZ5Zg=="
  "resolved" "https://registry.npmjs.org/i18next/-/i18next-22.4.15.tgz"
  "version" "22.4.15"
  dependencies:
    "@babel/runtime" "^7.20.6"

"inflight@^1.0.4":
  "integrity" "sha512-k92I/b08q4wvFscXCLvqfsHCrjrF7yiXsQuIVvVE7N82W3+aqpzuUdBbfhWcy/FZR3/4IgflMgKLOsvPDrGCJA=="
  "resolved" "https://registry.npmjs.org/inflight/-/inflight-1.0.6.tgz"
  "version" "1.0.6"
  dependencies:
    "once" "^1.3.0"
    "wrappy" "1"

"inherits@2":
  "integrity" "sha512-k/vGaX4/Yla3WzyMCvTQOXYeIHvqOKtnqBduzTHpzpQZzAskKMhZ2K+EnBiSM9zGSoIFeMpXKxa4dYeZIQqewQ=="
  "resolved" "https://registry.npmjs.org/inherits/-/inherits-2.0.4.tgz"
  "version" "2.0.4"

"is-reference@1.2.1":
  "integrity" "sha512-U82MsXXiFIrjCK4otLT+o2NA2Cd2g5MLoOVXUZjIOhLurrRxpEXzI8O0KZHr3IjLvlAH1kTPYSuqer5T9ZVBKQ=="
  "resolved" "https://registry.npmjs.org/is-reference/-/is-reference-1.2.1.tgz"
  "version" "1.2.1"
  dependencies:
    "@types/estree" "*"

"js-yaml@^4.1.0":
  "integrity" "sha512-wpxZs9NoxZaJESJGIZTyDEaYpl0FKSA+FB9aJiyemKhMwkxQg63h4T1KJgUGHpTqPDNRcmmYLugrRjJlBtWvRA=="
  "resolved" "https://registry.npmjs.org/js-yaml/-/js-yaml-4.1.0.tgz"
  "version" "4.1.0"
  dependencies:
    "argparse" "^2.0.1"

"magic-string@^0.27.0":
  "integrity" "sha512-8UnnX2PeRAPZuN12svgR9j7M1uWMovg/CEnIwIG0LFkXSJJe4PdfUGiTGl8V9bsBHFUtfVINcSyYxd7q+kx9fA=="
  "resolved" "https://registry.npmjs.org/magic-string/-/magic-string-0.27.0.tgz"
  "version" "0.27.0"
  dependencies:
    "@jridgewell/sourcemap-codec" "^1.4.13"

"minimatch@^5.0.1":
  "integrity" "sha512-lKwV/1brpG6mBUFHtb7NUmtABCb2WZZmm2wNiOA5hAb8VdCS4B3dtMWyvcoViccwAW/COERjXLt0zP1zXUN26g=="
  "resolved" "https://registry.npmjs.org/minimatch/-/minimatch-5.1.6.tgz"
  "version" "5.1.6"
  dependencies:
    "brace-expansion" "^2.0.1"

"nanoid@^3.3.6":
  "integrity" "sha512-BGcqMMJuToF7i1rt+2PWSNVnWIkGCU78jBG3RxO/bZlnZPK2Cmi2QaffxGO/2RvWi9sL+FAiRiXMgsyxQ1DIDA=="
  "resolved" "https://registry.npmjs.org/nanoid/-/nanoid-3.3.6.tgz"
  "version" "3.3.6"

"node-fetch@2.6.7":
  "integrity" "sha512-ZjMPFEfVx5j+y2yF35Kzx5sF7kDzxuDj6ziH4FFbOp87zKDZNx8yExJIb05OGF4Nlt9IHFIMBkRl41VdvcNdbQ=="
  "resolved" "https://registry.npmjs.org/node-fetch/-/node-fetch-2.6.7.tgz"
  "version" "2.6.7"
  dependencies:
    "whatwg-url" "^5.0.0"

"once@^1.3.0":
  "integrity" "sha512-lNaJgI+2Q5URQBkccEKHTQOPaXdUxnZZElQTZY0MFUAuaEqe1E+Nyvgdz/aIyNi6Z9MzO5dv1H8n58/GELp3+w=="
  "resolved" "https://registry.npmjs.org/once/-/once-1.4.0.tgz"
  "version" "1.4.0"
  dependencies:
    "wrappy" "1"

"papaparse@^5.4.1":
  "integrity" "sha512-HipMsgJkZu8br23pW15uvo6sib6wne/4woLZPlFf3rpDyMe9ywEXUsuD7+6K9PRkJlVT51j/sCOYDKGGS3ZJrw=="
  "resolved" "https://registry.npmjs.org/papaparse/-/papaparse-5.4.1.tgz"
  "version" "5.4.1"

"phaser@^3.60.0":
  "integrity" "sha512-IKUy35EnoEVcl2EmJ8WOyK4X8OoxHYdlhZLgRGpNrvD1fEagYffhVmwHcapE/tGiLgyrnezmXIo5RrH2NcrTHw=="
  "resolved" "https://registry.npmjs.org/phaser/-/phaser-3.60.0.tgz"
  "version" "3.60.0"
  dependencies:
    "eventemitter3" "^5.0.0"

"phaser3-rex-plugins@^1.60.0":
  "integrity" "sha512-poYBr/pfRvjDe7J7Z3tqmrHcUDSLNehiNu95wnvSLVwDEePNwuPSvuw6oat3z0tx0Qmw04AtCHfXd1ADLeuFXA=="
  "resolved" "https://registry.npmjs.org/phaser3-rex-plugins/-/phaser3-rex-plugins-1.60.0.tgz"
  "version" "1.60.0"
  dependencies:
    "eventemitter3" "^3.1.2"
    "i18next" "^22.4.14"
    "i18next-http-backend" "^2.2.0"
    "js-yaml" "^4.1.0"
    "papaparse" "^5.4.1"
    "webfontloader" "^1.6.28"

"picocolors@^1.0.0":
  "integrity" "sha512-1fygroTLlHu66zi26VoTDv8yRgm0Fccecssto+MhsZ0D/DGW2sm8E8AjW7NU5VVTRt5GxbeZ5qBuJr+HyLYkjQ=="
  "resolved" "https://registry.npmjs.org/picocolors/-/picocolors-1.0.0.tgz"
  "version" "1.0.0"

"picomatch@^2.3.1":
  "integrity" "sha512-JU3teHTNjmE2VCGFzuY8EXzCDVwEqB2a8fsIvwaStHhAWJEeVd1o1QD80CU6+ZdEXXSLbSsuLwJjkCBWqRQUVA=="
  "resolved" "https://registry.npmjs.org/picomatch/-/picomatch-2.3.1.tgz"
  "version" "2.3.1"

"postcss@^8.4.23":
  "integrity" "sha512-bQ3qMcpF6A/YjR55xtoTr0jGOlnPOKAIMdOWiv0EIT6HVPEaJiJB4NLljSbiHoC2RX7DN5Uvjtpbg1NPdwv1oA=="
  "resolved" "https://registry.npmjs.org/postcss/-/postcss-8.4.23.tgz"
  "version" "8.4.23"
  dependencies:
    "nanoid" "^3.3.6"
    "picocolors" "^1.0.0"
    "source-map-js" "^1.0.2"

"regenerator-runtime@^0.13.11":
  "integrity" "sha512-kY1AZVr2Ra+t+piVaJ4gxaFaReZVH40AKNo7UCX6W+dEwBo/2oZJzqfuN1qLq1oL45o56cPaTXELwrTh8Fpggg=="
  "resolved" "https://registry.npmjs.org/regenerator-runtime/-/regenerator-runtime-0.13.11.tgz"
  "version" "0.13.11"

"rollup@^1.20.0||^2.0.0||^3.0.0", "rollup@^2.68.0||^3.0.0", "rollup@^3.21.0":
  "integrity" "sha512-ANPhVcyeHvYdQMUyCbczy33nbLzI7RzrBje4uvNiTDJGIMtlKoOStmympwr9OtS1LZxiDmE2wvxHyVhoLtf1KQ=="
  "resolved" "https://registry.npmjs.org/rollup/-/rollup-3.21.0.tgz"
  "version" "3.21.0"
  optionalDependencies:
    "fsevents" "~2.3.2"

"slash@^4.0.0":
  "integrity" "sha512-3dOsAHXXUkQTpOYcoAxLIorMTp4gIQr5IW3iVb7A7lFIp0VHhnynm9izx6TssdrIcVIESAlVjtnO2K8bg+Coew=="
  "resolved" "https://registry.npmjs.org/slash/-/slash-4.0.0.tgz"
  "version" "4.0.0"

"source-map-js@^1.0.2":
  "integrity" "sha512-R0XvVJ9WusLiqTCEiGCmICCMplcCkIwwR11mOSD9CR5u+IXYdiseeEuXCVAjS54zqwkLcPNnmU4OeJ6tUrWhDw=="
  "resolved" "https://registry.npmjs.org/source-map-js/-/source-map-js-1.0.2.tgz"
  "version" "1.0.2"

"storejs@^2.0.1":
  "integrity" "sha512-yswAIcCeLpHpJk366b8ICzZQneoV9W+wC5qt+XCKa+FkqwAtdQBhOGejaJK2JUuIFxUpu/FUZq3YG7uSQwoXEQ=="
  "resolved" "https://registry.npmjs.org/storejs/-/storejs-2.0.3.tgz"
  "version" "2.0.3"

"tr46@~0.0.3":
  "integrity" "sha512-N3WMsuqV66lT30CrXNbEjx4GEwlow3v6rr4mCcv6prnfwhS01rkgyFdjPNBYd9br7LpXV1+Emh01fHnq2Gdgrw=="
  "resolved" "https://registry.npmjs.org/tr46/-/tr46-0.0.3.tgz"
  "version" "0.0.3"

"typescript@^5.0.4":
  "integrity" "sha512-cW9T5W9xY37cc+jfEnaUvX91foxtHkza3Nw3wkoF4sSlKn0MONdkdEndig/qPBWXNkmplh3NzayQzCiHM4/hqw=="
  "resolved" "https://registry.npmjs.org/typescript/-/typescript-5.0.4.tgz"
  "version" "5.0.4"

"vite@^4.3.3":
  "integrity" "sha512-MwFlLBO4udZXd+VBcezo3u8mC77YQk+ik+fbc0GZWGgzfbPP+8Kf0fldhARqvSYmtIWoAJ5BXPClUbMTlqFxrA=="
  "resolved" "https://registry.npmjs.org/vite/-/vite-4.3.3.tgz"
  "version" "4.3.3"
  dependencies:
    "esbuild" "^0.17.5"
    "postcss" "^8.4.23"
    "rollup" "^3.21.0"
  optionalDependencies:
    "fsevents" "~2.3.2"

"webfontloader@^1.6.28":
  "integrity" "sha512-Egb0oFEga6f+nSgasH3E0M405Pzn6y3/9tOVanv/DLfa1YBIgcv90L18YyWnvXkRbIM17v5Kv6IT2N6g1x5tvQ=="
  "resolved" "https://registry.npmjs.org/webfontloader/-/webfontloader-1.6.28.tgz"
  "version" "1.6.28"

"webidl-conversions@^3.0.0":
  "integrity" "sha512-2JAn3z8AR6rjK8Sm8orRC0h/bcl/DqL7tRPdGZ4I1CjdF+EaMLmYxBHyXuKL849eucPFhvBoxMsflfOb8kxaeQ=="
  "resolved" "https://registry.npmjs.org/webidl-conversions/-/webidl-conversions-3.0.1.tgz"
  "version" "3.0.1"

"whatwg-url@^5.0.0":
  "integrity" "sha512-saE57nupxk6v3HY35+jzBwYa0rKSy0XR8JSxZPwgLr7ys0IBzhGviA1/TUGJLmSVqs8pb9AnvICXEuOHLprYTw=="
  "resolved" "https://registry.npmjs.org/whatwg-url/-/whatwg-url-5.0.0.tgz"
  "version" "5.0.0"
  dependencies:
    "tr46" "~0.0.3"
    "webidl-conversions" "^3.0.0"

"wrappy@1":
  "integrity" "sha512-l4Sp/DRseor9wL6EvV2+TuQn63dMkPjZ/sp9XkghTEbV9KlPS1xUsZ3u7/IQO4wxtcFB4bgpQPRcR3QCvezPcQ=="
  "resolved" "https://registry.npmjs.org/wrappy/-/wrappy-1.0.2.tgz"
  "version" "1.0.2"
